// !$*UTF8*$!
{
	archiveVersion = 1;
	classes = {
	};
	objectVersion = 55;
	objects = {

/* Begin PBXBuildFile section */
		402215DA287F841700FC222B /* TabBarController.swift in Sources */ = {isa = PBXBuildFile; fileRef = 402215D9287F841700FC222B /* TabBarController.swift */; };
		402215DD287F849A00FC222B /* TempViewController.swift in Sources */ = {isa = PBXBuildFile; fileRef = 402215DC287F849A00FC222B /* TempViewController.swift */; };
		40B5CDA8287F589E007B18BA /* AppDelegate.swift in Sources */ = {isa = PBXBuildFile; fileRef = 40B5CDA7287F589E007B18BA /* AppDelegate.swift */; };
		40B5CDAA287F589E007B18BA /* SceneDelegate.swift in Sources */ = {isa = PBXBuildFile; fileRef = 40B5CDA9287F589E007B18BA /* SceneDelegate.swift */; };
		40B5CDAC287F589E007B18BA /* HomeViewController.swift in Sources */ = {isa = PBXBuildFile; fileRef = 40B5CDAB287F589E007B18BA /* HomeViewController.swift */; };
		40B5CDB1287F58A1007B18BA /* Assets.xcassets in Resources */ = {isa = PBXBuildFile; fileRef = 40B5CDB0287F58A1007B18BA /* Assets.xcassets */; };
		40B5CDB4287F58A1007B18BA /* LaunchScreen.storyboard in Resources */ = {isa = PBXBuildFile; fileRef = 40B5CDB2287F58A1007B18BA /* LaunchScreen.storyboard */; };
		40B5CDC1287F5C36007B18BA /* RxCocoa in Frameworks */ = {isa = PBXBuildFile; productRef = 40B5CDC0287F5C36007B18BA /* RxCocoa */; };
		40B5CDC3287F5C36007B18BA /* RxSwift in Frameworks */ = {isa = PBXBuildFile; productRef = 40B5CDC2287F5C36007B18BA /* RxSwift */; };
		40B5CDC6287F5C64007B18BA /* SnapKit in Frameworks */ = {isa = PBXBuildFile; productRef = 40B5CDC5287F5C64007B18BA /* SnapKit */; };
		40B5CDC9287F5C7A007B18BA /* Then in Frameworks */ = {isa = PBXBuildFile; productRef = 40B5CDC8287F5C7A007B18BA /* Then */; };
/* End PBXBuildFile section */

/* Begin PBXFileReference section */
		402215D9287F841700FC222B /* TabBarController.swift */ = {isa = PBXFileReference; lastKnownFileType = sourcecode.swift; path = TabBarController.swift; sourceTree = "<group>"; };
		402215DC287F849A00FC222B /* TempViewController.swift */ = {isa = PBXFileReference; lastKnownFileType = sourcecode.swift; path = TempViewController.swift; sourceTree = "<group>"; };
		40B5CDA4287F589E007B18BA /* Clone_Toss.app */ = {isa = PBXFileReference; explicitFileType = wrapper.application; includeInIndex = 0; path = Clone_Toss.app; sourceTree = BUILT_PRODUCTS_DIR; };
		40B5CDA7287F589E007B18BA /* AppDelegate.swift */ = {isa = PBXFileReference; lastKnownFileType = sourcecode.swift; path = AppDelegate.swift; sourceTree = "<group>"; };
		40B5CDA9287F589E007B18BA /* SceneDelegate.swift */ = {isa = PBXFileReference; lastKnownFileType = sourcecode.swift; path = SceneDelegate.swift; sourceTree = "<group>"; };
		40B5CDAB287F589E007B18BA /* HomeViewController.swift */ = {isa = PBXFileReference; lastKnownFileType = sourcecode.swift; path = HomeViewController.swift; sourceTree = "<group>"; };
		40B5CDB0287F58A1007B18BA /* Assets.xcassets */ = {isa = PBXFileReference; lastKnownFileType = folder.assetcatalog; path = Assets.xcassets; sourceTree = "<group>"; };
		40B5CDB3287F58A1007B18BA /* Base */ = {isa = PBXFileReference; lastKnownFileType = file.storyboard; name = Base; path = Base.lproj/LaunchScreen.storyboard; sourceTree = "<group>"; };
		40B5CDB5287F58A1007B18BA /* Info.plist */ = {isa = PBXFileReference; lastKnownFileType = text.plist.xml; path = Info.plist; sourceTree = "<group>"; };
/* End PBXFileReference section */

/* Begin PBXFrameworksBuildPhase section */
		40B5CDA1287F589E007B18BA /* Frameworks */ = {
			isa = PBXFrameworksBuildPhase;
			buildActionMask = 2147483647;
			files = (
				40B5CDC6287F5C64007B18BA /* SnapKit in Frameworks */,
				40B5CDC3287F5C36007B18BA /* RxSwift in Frameworks */,
				40B5CDC1287F5C36007B18BA /* RxCocoa in Frameworks */,
				40B5CDC9287F5C7A007B18BA /* Then in Frameworks */,
			);
			runOnlyForDeploymentPostprocessing = 0;
		};
/* End PBXFrameworksBuildPhase section */

/* Begin PBXGroup section */
		40B5CD9B287F589E007B18BA = {
			isa = PBXGroup;
			children = (
				40B5CDA6287F589E007B18BA /* Clone_Toss */,
				40B5CDA5287F589E007B18BA /* Products */,
			);
			sourceTree = "<group>";
		};
		40B5CDA5287F589E007B18BA /* Products */ = {
			isa = PBXGroup;
			children = (
				40B5CDA4287F589E007B18BA /* Clone_Toss.app */,
			);
			name = Products;
			sourceTree = "<group>";
		};
		40B5CDA6287F589E007B18BA /* Clone_Toss */ = {
			isa = PBXGroup;
			children = (
				40B5CDBD287F596C007B18BA /* Resources */,
				40B5CDBB287F590B007B18BA /* Application */,
				40B5CDBC287F5928007B18BA /* Sources */,
			);
			path = Clone_Toss;
			sourceTree = "<group>";
		};
		40B5CDBB287F590B007B18BA /* Application */ = {
			isa = PBXGroup;
			children = (
				40B5CDB2287F58A1007B18BA /* LaunchScreen.storyboard */,
				40B5CDB5287F58A1007B18BA /* Info.plist */,
				40B5CDA7287F589E007B18BA /* AppDelegate.swift */,
				40B5CDA9287F589E007B18BA /* SceneDelegate.swift */,
			);
			path = Application;
			sourceTree = "<group>";
		};
		40B5CDBC287F5928007B18BA /* Sources */ = {
			isa = PBXGroup;
			children = (
				40B5CDCA287F5D9F007B18BA /* TabBar */,
				40B5CDBE287F59AE007B18BA /* Home */,
				402215DC287F849A00FC222B /* TempViewController.swift */,
			);
			path = Sources;
			sourceTree = "<group>";
		};
		40B5CDBD287F596C007B18BA /* Resources */ = {
			isa = PBXGroup;
			children = (
				40B5CDB0287F58A1007B18BA /* Assets.xcassets */,
			);
			path = Resources;
			sourceTree = "<group>";
		};
		40B5CDBE287F59AE007B18BA /* Home */ = {
			isa = PBXGroup;
			children = (
				40B5CDAB287F589E007B18BA /* HomeViewController.swift */,
			);
			path = Home;
			sourceTree = "<group>";
		};
		40B5CDCA287F5D9F007B18BA /* TabBar */ = {
			isa = PBXGroup;
			children = (
				402215D9287F841700FC222B /* TabBarController.swift */,
			);
			path = TabBar;
			sourceTree = "<group>";
		};
/* End PBXGroup section */

/* Begin PBXNativeTarget section */
		40B5CDA3287F589E007B18BA /* Clone_Toss */ = {
			isa = PBXNativeTarget;
			buildConfigurationList = 40B5CDB8287F58A1007B18BA /* Build configuration list for PBXNativeTarget "Clone_Toss" */;
			buildPhases = (
				40B5CDA0287F589E007B18BA /* Sources */,
				40B5CDA1287F589E007B18BA /* Frameworks */,
				40B5CDA2287F589E007B18BA /* Resources */,
			);
			buildRules = (
			);
			dependencies = (
			);
			name = Clone_Toss;
			packageProductDependencies = (
				40B5CDC0287F5C36007B18BA /* RxCocoa */,
				40B5CDC2287F5C36007B18BA /* RxSwift */,
				40B5CDC5287F5C64007B18BA /* SnapKit */,
				40B5CDC8287F5C7A007B18BA /* Then */,
			);
			productName = Clone_Toss;
			productReference = 40B5CDA4287F589E007B18BA /* Clone_Toss.app */;
			productType = "com.apple.product-type.application";
		};
/* End PBXNativeTarget section */

/* Begin PBXProject section */
		40B5CD9C287F589E007B18BA /* Project object */ = {
			isa = PBXProject;
			attributes = {
				BuildIndependentTargetsInParallel = 1;
				LastSwiftUpdateCheck = 1340;
				LastUpgradeCheck = 1340;
				TargetAttributes = {
					40B5CDA3287F589E007B18BA = {
						CreatedOnToolsVersion = 13.4;
					};
				};
			};
			buildConfigurationList = 40B5CD9F287F589E007B18BA /* Build configuration list for PBXProject "Clone_Toss" */;
			compatibilityVersion = "Xcode 13.0";
			developmentRegion = en;
			hasScannedForEncodings = 0;
			knownRegions = (
				en,
				Base,
			);
			mainGroup = 40B5CD9B287F589E007B18BA;
			packageReferences = (
				40B5CDBF287F5C36007B18BA /* XCRemoteSwiftPackageReference "RxSwift" */,
				40B5CDC4287F5C64007B18BA /* XCRemoteSwiftPackageReference "SnapKit" */,
				40B5CDC7287F5C7A007B18BA /* XCRemoteSwiftPackageReference "Then" */,
			);
			productRefGroup = 40B5CDA5287F589E007B18BA /* Products */;
			projectDirPath = "";
			projectRoot = "";
			targets = (
				40B5CDA3287F589E007B18BA /* Clone_Toss */,
			);
		};
/* End PBXProject section */

/* Begin PBXResourcesBuildPhase section */
		40B5CDA2287F589E007B18BA /* Resources */ = {
			isa = PBXResourcesBuildPhase;
			buildActionMask = 2147483647;
			files = (
				40B5CDB4287F58A1007B18BA /* LaunchScreen.storyboard in Resources */,
				40B5CDB1287F58A1007B18BA /* Assets.xcassets in Resources */,
			);
			runOnlyForDeploymentPostprocessing = 0;
		};
/* End PBXResourcesBuildPhase section */

/* Begin PBXSourcesBuildPhase section */
		40B5CDA0287F589E007B18BA /* Sources */ = {
			isa = PBXSourcesBuildPhase;
			buildActionMask = 2147483647;
			files = (
				40B5CDAC287F589E007B18BA /* HomeViewController.swift in Sources */,
				402215DD287F849A00FC222B /* TempViewController.swift in Sources */,
				402215DA287F841700FC222B /* TabBarController.swift in Sources */,
				40B5CDA8287F589E007B18BA /* AppDelegate.swift in Sources */,
				40B5CDAA287F589E007B18BA /* SceneDelegate.swift in Sources */,
			);
			runOnlyForDeploymentPostprocessing = 0;
		};
/* End PBXSourcesBuildPhase section */

/* Begin PBXVariantGroup section */
		40B5CDB2287F58A1007B18BA /* LaunchScreen.storyboard */ = {
			isa = PBXVariantGroup;
			children = (
				40B5CDB3287F58A1007B18BA /* Base */,
			);
			name = LaunchScreen.storyboard;
			sourceTree = "<group>";
		};
/* End PBXVariantGroup section */

/* Begin XCBuildConfiguration section */
		40B5CDB6287F58A1007B18BA /* Debug */ = {
			isa = XCBuildConfiguration;
			buildSettings = {
				ALWAYS_SEARCH_USER_PATHS = NO;
				CLANG_ANALYZER_NONNULL = YES;
				CLANG_ANALYZER_NUMBER_OBJECT_CONVERSION = YES_AGGRESSIVE;
				CLANG_CXX_LANGUAGE_STANDARD = "gnu++17";
				CLANG_ENABLE_MODULES = YES;
				CLANG_ENABLE_OBJC_ARC = YES;
				CLANG_ENABLE_OBJC_WEAK = YES;
				CLANG_WARN_BLOCK_CAPTURE_AUTORELEASING = YES;
				CLANG_WARN_BOOL_CONVERSION = YES;
				CLANG_WARN_COMMA = YES;
				CLANG_WARN_CONSTANT_CONVERSION = YES;
				CLANG_WARN_DEPRECATED_OBJC_IMPLEMENTATIONS = YES;
				CLANG_WARN_DIRECT_OBJC_ISA_USAGE = YES_ERROR;
				CLANG_WARN_DOCUMENTATION_COMMENTS = YES;
				CLANG_WARN_EMPTY_BODY = YES;
				CLANG_WARN_ENUM_CONVERSION = YES;
				CLANG_WARN_INFINITE_RECURSION = YES;
				CLANG_WARN_INT_CONVERSION = YES;
				CLANG_WARN_NON_LITERAL_NULL_CONVERSION = YES;
				CLANG_WARN_OBJC_IMPLICIT_RETAIN_SELF = YES;
				CLANG_WARN_OBJC_LITERAL_CONVERSION = YES;
				CLANG_WARN_OBJC_ROOT_CLASS = YES_ERROR;
				CLANG_WARN_QUOTED_INCLUDE_IN_FRAMEWORK_HEADER = YES;
				CLANG_WARN_RANGE_LOOP_ANALYSIS = YES;
				CLANG_WARN_STRICT_PROTOTYPES = YES;
				CLANG_WARN_SUSPICIOUS_MOVE = YES;
				CLANG_WARN_UNGUARDED_AVAILABILITY = YES_AGGRESSIVE;
				CLANG_WARN_UNREACHABLE_CODE = YES;
				CLANG_WARN__DUPLICATE_METHOD_MATCH = YES;
				COPY_PHASE_STRIP = NO;
				DEBUG_INFORMATION_FORMAT = dwarf;
				ENABLE_STRICT_OBJC_MSGSEND = YES;
				ENABLE_TESTABILITY = YES;
				GCC_C_LANGUAGE_STANDARD = gnu11;
				GCC_DYNAMIC_NO_PIC = NO;
				GCC_NO_COMMON_BLOCKS = YES;
				GCC_OPTIMIZATION_LEVEL = 0;
				GCC_PREPROCESSOR_DEFINITIONS = (
					"DEBUG=1",
					"$(inherited)",
				);
				GCC_WARN_64_TO_32_BIT_CONVERSION = YES;
				GCC_WARN_ABOUT_RETURN_TYPE = YES_ERROR;
				GCC_WARN_UNDECLARED_SELECTOR = YES;
				GCC_WARN_UNINITIALIZED_AUTOS = YES_AGGRESSIVE;
				GCC_WARN_UNUSED_FUNCTION = YES;
				GCC_WARN_UNUSED_VARIABLE = YES;
				IPHONEOS_DEPLOYMENT_TARGET = 14.0;
				MTL_ENABLE_DEBUG_INFO = INCLUDE_SOURCE;
				MTL_FAST_MATH = YES;
				ONLY_ACTIVE_ARCH = YES;
				SDKROOT = iphoneos;
				SWIFT_ACTIVE_COMPILATION_CONDITIONS = DEBUG;
				SWIFT_OPTIMIZATION_LEVEL = "-Onone";
			};
			name = Debug;
		};
		40B5CDB7287F58A1007B18BA /* Release */ = {
			isa = XCBuildConfiguration;
			buildSettings = {
				ALWAYS_SEARCH_USER_PATHS = NO;
				CLANG_ANALYZER_NONNULL = YES;
				CLANG_ANALYZER_NUMBER_OBJECT_CONVERSION = YES_AGGRESSIVE;
				CLANG_CXX_LANGUAGE_STANDARD = "gnu++17";
				CLANG_ENABLE_MODULES = YES;
				CLANG_ENABLE_OBJC_ARC = YES;
				CLANG_ENABLE_OBJC_WEAK = YES;
				CLANG_WARN_BLOCK_CAPTURE_AUTORELEASING = YES;
				CLANG_WARN_BOOL_CONVERSION = YES;
				CLANG_WARN_COMMA = YES;
				CLANG_WARN_CONSTANT_CONVERSION = YES;
				CLANG_WARN_DEPRECATED_OBJC_IMPLEMENTATIONS = YES;
				CLANG_WARN_DIRECT_OBJC_ISA_USAGE = YES_ERROR;
				CLANG_WARN_DOCUMENTATION_COMMENTS = YES;
				CLANG_WARN_EMPTY_BODY = YES;
				CLANG_WARN_ENUM_CONVERSION = YES;
				CLANG_WARN_INFINITE_RECURSION = YES;
				CLANG_WARN_INT_CONVERSION = YES;
				CLANG_WARN_NON_LITERAL_NULL_CONVERSION = YES;
				CLANG_WARN_OBJC_IMPLICIT_RETAIN_SELF = YES;
				CLANG_WARN_OBJC_LITERAL_CONVERSION = YES;
				CLANG_WARN_OBJC_ROOT_CLASS = YES_ERROR;
				CLANG_WARN_QUOTED_INCLUDE_IN_FRAMEWORK_HEADER = YES;
				CLANG_WARN_RANGE_LOOP_ANALYSIS = YES;
				CLANG_WARN_STRICT_PROTOTYPES = YES;
				CLANG_WARN_SUSPICIOUS_MOVE = YES;
				CLANG_WARN_UNGUARDED_AVAILABILITY = YES_AGGRESSIVE;
				CLANG_WARN_UNREACHABLE_CODE = YES;
				CLANG_WARN__DUPLICATE_METHOD_MATCH = YES;
				COPY_PHASE_STRIP = NO;
				DEBUG_INFORMATION_FORMAT = "dwarf-with-dsym";
				ENABLE_NS_ASSERTIONS = NO;
				ENABLE_STRICT_OBJC_MSGSEND = YES;
				GCC_C_LANGUAGE_STANDARD = gnu11;
				GCC_NO_COMMON_BLOCKS = YES;
				GCC_WARN_64_TO_32_BIT_CONVERSION = YES;
				GCC_WARN_ABOUT_RETURN_TYPE = YES_ERROR;
				GCC_WARN_UNDECLARED_SELECTOR = YES;
				GCC_WARN_UNINITIALIZED_AUTOS = YES_AGGRESSIVE;
				GCC_WARN_UNUSED_FUNCTION = YES;
				GCC_WARN_UNUSED_VARIABLE = YES;
				IPHONEOS_DEPLOYMENT_TARGET = 14.0;
				MTL_ENABLE_DEBUG_INFO = NO;
				MTL_FAST_MATH = YES;
				SDKROOT = iphoneos;
				SWIFT_COMPILATION_MODE = wholemodule;
				SWIFT_OPTIMIZATION_LEVEL = "-O";
				VALIDATE_PRODUCT = YES;
			};
			name = Release;
		};
		40B5CDB9287F58A1007B18BA /* Debug */ = {
			isa = XCBuildConfiguration;
			buildSettings = {
				ASSETCATALOG_COMPILER_APPICON_NAME = AppIcon;
				ASSETCATALOG_COMPILER_GLOBAL_ACCENT_COLOR_NAME = AccentColor;
				CODE_SIGN_STYLE = Automatic;
				CURRENT_PROJECT_VERSION = 1;
				GENERATE_INFOPLIST_FILE = YES;
				INFOPLIST_FILE = Clone_Toss/Info.plist;
				INFOPLIST_KEY_UIApplicationSupportsIndirectInputEvents = YES;
				INFOPLIST_KEY_UILaunchStoryboardName = LaunchScreen;
				INFOPLIST_KEY_UISupportedInterfaceOrientations_iPad = "UIInterfaceOrientationPortrait UIInterfaceOrientationPortraitUpsideDown UIInterfaceOrientationLandscapeLeft UIInterfaceOrientationLandscapeRight";
				INFOPLIST_KEY_UISupportedInterfaceOrientations_iPhone = "UIInterfaceOrientationPortrait UIInterfaceOrientationLandscapeLeft UIInterfaceOrientationLandscapeRight";
				IPHONEOS_DEPLOYMENT_TARGET = 13.0;
				LD_RUNPATH_SEARCH_PATHS = (
					"$(inherited)",
					"@executable_path/Frameworks",
				);
				MARKETING_VERSION = 1.0;
				PRODUCT_BUNDLE_IDENTIFIER = "com.SJHAN.Clone-Toss";
				PRODUCT_NAME = "$(TARGET_NAME)";
				SWIFT_EMIT_LOC_STRINGS = YES;
				SWIFT_VERSION = 5.0;
				TARGETED_DEVICE_FAMILY = "1,2";
			};
			name = Debug;
		};
		40B5CDBA287F58A1007B18BA /* Release */ = {
			isa = XCBuildConfiguration;
			buildSettings = {
				ASSETCATALOG_COMPILER_APPICON_NAME = AppIcon;
				ASSETCATALOG_COMPILER_GLOBAL_ACCENT_COLOR_NAME = AccentColor;
				CODE_SIGN_STYLE = Automatic;
				CURRENT_PROJECT_VERSION = 1;
				GENERATE_INFOPLIST_FILE = YES;
				INFOPLIST_FILE = Clone_Toss/Info.plist;
				INFOPLIST_KEY_UIApplicationSupportsIndirectInputEvents = YES;
				INFOPLIST_KEY_UILaunchStoryboardName = LaunchScreen;
				INFOPLIST_KEY_UISupportedInterfaceOrientations_iPad = "UIInterfaceOrientationPortrait UIInterfaceOrientationPortraitUpsideDown UIInterfaceOrientationLandscapeLeft UIInterfaceOrientationLandscapeRight";
				INFOPLIST_KEY_UISupportedInterfaceOrientations_iPhone = "UIInterfaceOrientationPortrait UIInterfaceOrientationLandscapeLeft UIInterfaceOrientationLandscapeRight";
				IPHONEOS_DEPLOYMENT_TARGET = 13.0;
				LD_RUNPATH_SEARCH_PATHS = (
					"$(inherited)",
					"@executable_path/Frameworks",
				);
				MARKETING_VERSION = 1.0;
				PRODUCT_BUNDLE_IDENTIFIER = "com.SJHAN.Clone-Toss";
				PRODUCT_NAME = "$(TARGET_NAME)";
				SWIFT_EMIT_LOC_STRINGS = YES;
				SWIFT_VERSION = 5.0;
				TARGETED_DEVICE_FAMILY = "1,2";
			};
			name = Release;
		};
/* End XCBuildConfiguration section */

/* Begin XCConfigurationList section */
		40B5CD9F287F589E007B18BA /* Build configuration list for PBXProject "Clone_Toss" */ = {
			isa = XCConfigurationList;
			buildConfigurations = (
				40B5CDB6287F58A1007B18BA /* Debug */,
				40B5CDB7287F58A1007B18BA /* Release */,
			);
			defaultConfigurationIsVisible = 0;
			defaultConfigurationName = Release;
		};
		40B5CDB8287F58A1007B18BA /* Build configuration list for PBXNativeTarget "Clone_Toss" */ = {
			isa = XCConfigurationList;
			buildConfigurations = (
				40B5CDB9287F58A1007B18BA /* Debug */,
				40B5CDBA287F58A1007B18BA /* Release */,
			);
			defaultConfigurationIsVisible = 0;
			defaultConfigurationName = Release;
		};
/* End XCConfigurationList section */

/* Begin XCRemoteSwiftPackageReference section */
		40B5CDBF287F5C36007B18BA /* XCRemoteSwiftPackageReference "RxSwift" */ = {
			isa = XCRemoteSwiftPackageReference;
			repositoryURL = "https://github.com/ReactiveX/RxSwift";
			requirement = {
				branch = main;
				kind = branch;
			};
		};
		40B5CDC4287F5C64007B18BA /* XCRemoteSwiftPackageReference "SnapKit" */ = {
			isa = XCRemoteSwiftPackageReference;
			repositoryURL = "https://github.com/SnapKit/SnapKit";
			requirement = {
				branch = develop;
				kind = branch;
			};
		};
		40B5CDC7287F5C7A007B18BA /* XCRemoteSwiftPackageReference "Then" */ = {
			isa = XCRemoteSwiftPackageReference;
			repositoryURL = "https://github.com/devxoul/Then";
			requirement = {
				branch = master;
				kind = branch;
			};
		};
/* End XCRemoteSwiftPackageReference section */

/* Begin XCSwiftPackageProductDependency section */
		40B5CDC0287F5C36007B18BA /* RxCocoa */ = {
			isa = XCSwiftPackageProductDependency;
			package = 40B5CDBF287F5C36007B18BA /* XCRemoteSwiftPackageReference "RxSwift" */;
			productName = RxCocoa;
		};
		40B5CDC2287F5C36007B18BA /* RxSwift */ = {
			isa = XCSwiftPackageProductDependency;
			package = 40B5CDBF287F5C36007B18BA /* XCRemoteSwiftPackageReference "RxSwift" */;
			productName = RxSwift;
		};
		40B5CDC5287F5C64007B18BA /* SnapKit */ = {
			isa = XCSwiftPackageProductDependency;
			package = 40B5CDC4287F5C64007B18BA /* XCRemoteSwiftPackageReference "SnapKit" */;
			productName = SnapKit;
		};
		40B5CDC8287F5C7A007B18BA /* Then */ = {
			isa = XCSwiftPackageProductDependency;
			package = 40B5CDC7287F5C7A007B18BA /* XCRemoteSwiftPackageReference "Then" */;
			productName = Then;
		};
/* End XCSwiftPackageProductDependency section */
	};
	rootObject = 40B5CD9C287F589E007B18BA /* Project object */;
}
